// !$*UTF8*$!
{
	archiveVersion = 1;
	classes = {
	};
	objectVersion = 50;
	objects = {

/* Begin PBXBuildFile section */
		8B959AC422D8B23B00322FF0 /* AppDelegate.swift in Sources */ = {isa = PBXBuildFile; fileRef = 8B959AC322D8B23B00322FF0 /* AppDelegate.swift */; };
		8B959AC622D8B23B00322FF0 /* ViewController.swift in Sources */ = {isa = PBXBuildFile; fileRef = 8B959AC522D8B23B00322FF0 /* ViewController.swift */; };
		8B959AC822D8B23D00322FF0 /* Assets.xcassets in Resources */ = {isa = PBXBuildFile; fileRef = 8B959AC722D8B23D00322FF0 /* Assets.xcassets */; };
		8B959ACB22D8B23D00322FF0 /* Main.storyboard in Resources */ = {isa = PBXBuildFile; fileRef = 8B959AC922D8B23D00322FF0 /* Main.storyboard */; };
		8B959AD722D8B23D00322FF0 /* FashionCloudTests.swift in Sources */ = {isa = PBXBuildFile; fileRef = 8B959AD622D8B23D00322FF0 /* FashionCloudTests.swift */; };
		8B959AE322D8B28900322FF0 /* mappings.csv in Resources */ = {isa = PBXBuildFile; fileRef = 8B959AE122D8B28900322FF0 /* mappings.csv */; };
		8B959AE422D8B28900322FF0 /* pricat.csv in Resources */ = {isa = PBXBuildFile; fileRef = 8B959AE222D8B28900322FF0 /* pricat.csv */; };
		8B959AE622D8C31A00322FF0 /* MappingRule.swift in Sources */ = {isa = PBXBuildFile; fileRef = 8B959AE522D8C31A00322FF0 /* MappingRule.swift */; };
		8B959AE822D8C3EC00322FF0 /* Mapper.swift in Sources */ = {isa = PBXBuildFile; fileRef = 8B959AE722D8C3EC00322FF0 /* Mapper.swift */; };
		8B959AEA22DC614100322FF0 /* CSV.swift in Sources */ = {isa = PBXBuildFile; fileRef = 8B959AE922DC614100322FF0 /* CSV.swift */; };
		8B959AEB22DC614100322FF0 /* CSV.swift in Sources */ = {isa = PBXBuildFile; fileRef = 8B959AE922DC614100322FF0 /* CSV.swift */; };
		8B959AEC22DC614700322FF0 /* Mapper.swift in Sources */ = {isa = PBXBuildFile; fileRef = 8B959AE722D8C3EC00322FF0 /* Mapper.swift */; };
		8B959AED22DC614900322FF0 /* MappingRule.swift in Sources */ = {isa = PBXBuildFile; fileRef = 8B959AE522D8C31A00322FF0 /* MappingRule.swift */; };
		8B959AEF22DC92FF00322FF0 /* Item.swift in Sources */ = {isa = PBXBuildFile; fileRef = 8B959AEE22DC92FF00322FF0 /* Item.swift */; };
		8B959AF022DC92FF00322FF0 /* Item.swift in Sources */ = {isa = PBXBuildFile; fileRef = 8B959AEE22DC92FF00322FF0 /* Item.swift */; };
		8B959AF222DC9A2500322FF0 /* Parser.swift in Sources */ = {isa = PBXBuildFile; fileRef = 8B959AF122DC9A2500322FF0 /* Parser.swift */; };
		8B959AF322DC9A2500322FF0 /* Parser.swift in Sources */ = {isa = PBXBuildFile; fileRef = 8B959AF122DC9A2500322FF0 /* Parser.swift */; };
		8B959AF522DCECDE00322FF0 /* Variation.swift in Sources */ = {isa = PBXBuildFile; fileRef = 8B959AF422DCECDE00322FF0 /* Variation.swift */; };
		8B959AF622DCECDE00322FF0 /* Variation.swift in Sources */ = {isa = PBXBuildFile; fileRef = 8B959AF422DCECDE00322FF0 /* Variation.swift */; };
		8B959AF822DCECF400322FF0 /* Article.swift in Sources */ = {isa = PBXBuildFile; fileRef = 8B959AF722DCECF400322FF0 /* Article.swift */; };
		8B959AF922DCECF400322FF0 /* Article.swift in Sources */ = {isa = PBXBuildFile; fileRef = 8B959AF722DCECF400322FF0 /* Article.swift */; };
		8B959AFB22DCED1400322FF0 /* Catalog.swift in Sources */ = {isa = PBXBuildFile; fileRef = 8B959AFA22DCED1400322FF0 /* Catalog.swift */; };
		8B959AFC22DCED1400322FF0 /* Catalog.swift in Sources */ = {isa = PBXBuildFile; fileRef = 8B959AFA22DCED1400322FF0 /* Catalog.swift */; };
/* End PBXBuildFile section */

/* Begin PBXContainerItemProxy section */
		8B959AD322D8B23D00322FF0 /* PBXContainerItemProxy */ = {
			isa = PBXContainerItemProxy;
			containerPortal = 8B959AB822D8B23B00322FF0 /* Project object */;
			proxyType = 1;
			remoteGlobalIDString = 8B959ABF22D8B23B00322FF0;
			remoteInfo = FashionCloud;
		};
/* End PBXContainerItemProxy section */

/* Begin PBXFileReference section */
		8B959AC022D8B23B00322FF0 /* FashionCloud.app */ = {isa = PBXFileReference; explicitFileType = wrapper.application; includeInIndex = 0; path = FashionCloud.app; sourceTree = BUILT_PRODUCTS_DIR; };
		8B959AC322D8B23B00322FF0 /* AppDelegate.swift */ = {isa = PBXFileReference; lastKnownFileType = sourcecode.swift; path = AppDelegate.swift; sourceTree = "<group>"; };
		8B959AC522D8B23B00322FF0 /* ViewController.swift */ = {isa = PBXFileReference; lastKnownFileType = sourcecode.swift; path = ViewController.swift; sourceTree = "<group>"; };
		8B959AC722D8B23D00322FF0 /* Assets.xcassets */ = {isa = PBXFileReference; lastKnownFileType = folder.assetcatalog; path = Assets.xcassets; sourceTree = "<group>"; };
		8B959ACA22D8B23D00322FF0 /* Base */ = {isa = PBXFileReference; lastKnownFileType = file.storyboard; name = Base; path = Base.lproj/Main.storyboard; sourceTree = "<group>"; };
		8B959ACC22D8B23D00322FF0 /* Info.plist */ = {isa = PBXFileReference; lastKnownFileType = text.plist.xml; path = Info.plist; sourceTree = "<group>"; };
		8B959ACD22D8B23D00322FF0 /* FashionCloud.entitlements */ = {isa = PBXFileReference; lastKnownFileType = text.plist.entitlements; path = FashionCloud.entitlements; sourceTree = "<group>"; };
		8B959AD222D8B23D00322FF0 /* FashionCloudTests.xctest */ = {isa = PBXFileReference; explicitFileType = wrapper.cfbundle; includeInIndex = 0; path = FashionCloudTests.xctest; sourceTree = BUILT_PRODUCTS_DIR; };
		8B959AD622D8B23D00322FF0 /* FashionCloudTests.swift */ = {isa = PBXFileReference; lastKnownFileType = sourcecode.swift; path = FashionCloudTests.swift; sourceTree = "<group>"; };
		8B959AD822D8B23D00322FF0 /* Info.plist */ = {isa = PBXFileReference; lastKnownFileType = text.plist.xml; path = Info.plist; sourceTree = "<group>"; };
		8B959AE122D8B28900322FF0 /* mappings.csv */ = {isa = PBXFileReference; fileEncoding = 4; lastKnownFileType = text; path = mappings.csv; sourceTree = "<group>"; };
		8B959AE222D8B28900322FF0 /* pricat.csv */ = {isa = PBXFileReference; fileEncoding = 4; lastKnownFileType = text; path = pricat.csv; sourceTree = "<group>"; };
		8B959AE522D8C31A00322FF0 /* MappingRule.swift */ = {isa = PBXFileReference; lastKnownFileType = sourcecode.swift; path = MappingRule.swift; sourceTree = "<group>"; };
		8B959AE722D8C3EC00322FF0 /* Mapper.swift */ = {isa = PBXFileReference; lastKnownFileType = sourcecode.swift; path = Mapper.swift; sourceTree = "<group>"; };
		8B959AE922DC614100322FF0 /* CSV.swift */ = {isa = PBXFileReference; lastKnownFileType = sourcecode.swift; path = CSV.swift; sourceTree = "<group>"; };
		8B959AEE22DC92FF00322FF0 /* Item.swift */ = {isa = PBXFileReference; lastKnownFileType = sourcecode.swift; path = Item.swift; sourceTree = "<group>"; };
		8B959AF122DC9A2500322FF0 /* Parser.swift */ = {isa = PBXFileReference; lastKnownFileType = sourcecode.swift; path = Parser.swift; sourceTree = "<group>"; };
		8B959AF422DCECDE00322FF0 /* Variation.swift */ = {isa = PBXFileReference; lastKnownFileType = sourcecode.swift; path = Variation.swift; sourceTree = "<group>"; };
		8B959AF722DCECF400322FF0 /* Article.swift */ = {isa = PBXFileReference; lastKnownFileType = sourcecode.swift; path = Article.swift; sourceTree = "<group>"; };
		8B959AFA22DCED1400322FF0 /* Catalog.swift */ = {isa = PBXFileReference; lastKnownFileType = sourcecode.swift; path = Catalog.swift; sourceTree = "<group>"; };
/* End PBXFileReference section */

/* Begin PBXFrameworksBuildPhase section */
		8B959ABD22D8B23B00322FF0 /* Frameworks */ = {
			isa = PBXFrameworksBuildPhase;
			buildActionMask = 2147483647;
			files = (
			);
			runOnlyForDeploymentPostprocessing = 0;
		};
		8B959ACF22D8B23D00322FF0 /* Frameworks */ = {
			isa = PBXFrameworksBuildPhase;
			buildActionMask = 2147483647;
			files = (
			);
			runOnlyForDeploymentPostprocessing = 0;
		};
/* End PBXFrameworksBuildPhase section */

/* Begin PBXGroup section */
		8B959AB722D8B23B00322FF0 = {
			isa = PBXGroup;
			children = (
				8B959AC222D8B23B00322FF0 /* FashionCloud */,
				8B959AD522D8B23D00322FF0 /* FashionCloudTests */,
				8B959AC122D8B23B00322FF0 /* Products */,
			);
			sourceTree = "<group>";
		};
		8B959AC122D8B23B00322FF0 /* Products */ = {
			isa = PBXGroup;
			children = (
				8B959AC022D8B23B00322FF0 /* FashionCloud.app */,
				8B959AD222D8B23D00322FF0 /* FashionCloudTests.xctest */,
			);
			name = Products;
			sourceTree = "<group>";
		};
		8B959AC222D8B23B00322FF0 /* FashionCloud */ = {
			isa = PBXGroup;
			children = (
				8B959AC322D8B23B00322FF0 /* AppDelegate.swift */,
				8B959AC522D8B23B00322FF0 /* ViewController.swift */,
				8B959AC722D8B23D00322FF0 /* Assets.xcassets */,
				8B959AC922D8B23D00322FF0 /* Main.storyboard */,
				8B959ACC22D8B23D00322FF0 /* Info.plist */,
				8B959ACD22D8B23D00322FF0 /* FashionCloud.entitlements */,
				8B959AE122D8B28900322FF0 /* mappings.csv */,
				8B959AE222D8B28900322FF0 /* pricat.csv */,
				8B959AE522D8C31A00322FF0 /* MappingRule.swift */,
				8B959AE722D8C3EC00322FF0 /* Mapper.swift */,
				8B959AE922DC614100322FF0 /* CSV.swift */,
				8B959AEE22DC92FF00322FF0 /* Item.swift */,
				8B959AF122DC9A2500322FF0 /* Parser.swift */,
				8B959AF422DCECDE00322FF0 /* Variation.swift */,
				8B959AF722DCECF400322FF0 /* Article.swift */,
				8B959AFA22DCED1400322FF0 /* Catalog.swift */,
			);
			path = FashionCloud;
			sourceTree = "<group>";
		};
		8B959AD522D8B23D00322FF0 /* FashionCloudTests */ = {
			isa = PBXGroup;
			children = (
				8B959AD622D8B23D00322FF0 /* FashionCloudTests.swift */,
				8B959AD822D8B23D00322FF0 /* Info.plist */,
			);
			path = FashionCloudTests;
			sourceTree = "<group>";
		};
/* End PBXGroup section */

/* Begin PBXNativeTarget section */
		8B959ABF22D8B23B00322FF0 /* FashionCloud */ = {
			isa = PBXNativeTarget;
			buildConfigurationList = 8B959ADB22D8B23D00322FF0 /* Build configuration list for PBXNativeTarget "FashionCloud" */;
			buildPhases = (
				8B959ABC22D8B23B00322FF0 /* Sources */,
				8B959ABD22D8B23B00322FF0 /* Frameworks */,
				8B959ABE22D8B23B00322FF0 /* Resources */,
			);
			buildRules = (
			);
			dependencies = (
			);
			name = FashionCloud;
			productName = FashionCloud;
			productReference = 8B959AC022D8B23B00322FF0 /* FashionCloud.app */;
			productType = "com.apple.product-type.application";
		};
		8B959AD122D8B23D00322FF0 /* FashionCloudTests */ = {
			isa = PBXNativeTarget;
			buildConfigurationList = 8B959ADE22D8B23D00322FF0 /* Build configuration list for PBXNativeTarget "FashionCloudTests" */;
			buildPhases = (
				8B959ACE22D8B23D00322FF0 /* Sources */,
				8B959ACF22D8B23D00322FF0 /* Frameworks */,
				8B959AD022D8B23D00322FF0 /* Resources */,
			);
			buildRules = (
			);
			dependencies = (
				8B959AD422D8B23D00322FF0 /* PBXTargetDependency */,
			);
			name = FashionCloudTests;
			productName = FashionCloudTests;
			productReference = 8B959AD222D8B23D00322FF0 /* FashionCloudTests.xctest */;
			productType = "com.apple.product-type.bundle.unit-test";
		};
/* End PBXNativeTarget section */

/* Begin PBXProject section */
		8B959AB822D8B23B00322FF0 /* Project object */ = {
			isa = PBXProject;
			attributes = {
				LastSwiftUpdateCheck = 1020;
				LastUpgradeCheck = 1020;
				ORGANIZATIONNAME = "Kostiantyn Gorbunov";
				TargetAttributes = {
					8B959ABF22D8B23B00322FF0 = {
						CreatedOnToolsVersion = 10.2.1;
					};
					8B959AD122D8B23D00322FF0 = {
						CreatedOnToolsVersion = 10.2.1;
						TestTargetID = 8B959ABF22D8B23B00322FF0;
					};
				};
			};
			buildConfigurationList = 8B959ABB22D8B23B00322FF0 /* Build configuration list for PBXProject "FashionCloud" */;
			compatibilityVersion = "Xcode 9.3";
			developmentRegion = en;
			hasScannedForEncodings = 0;
			knownRegions = (
				en,
				Base,
			);
			mainGroup = 8B959AB722D8B23B00322FF0;
			productRefGroup = 8B959AC122D8B23B00322FF0 /* Products */;
			projectDirPath = "";
			projectRoot = "";
			targets = (
				8B959ABF22D8B23B00322FF0 /* FashionCloud */,
				8B959AD122D8B23D00322FF0 /* FashionCloudTests */,
			);
		};
/* End PBXProject section */

/* Begin PBXResourcesBuildPhase section */
		8B959ABE22D8B23B00322FF0 /* Resources */ = {
			isa = PBXResourcesBuildPhase;
			buildActionMask = 2147483647;
			files = (
				8B959AC822D8B23D00322FF0 /* Assets.xcassets in Resources */,
				8B959ACB22D8B23D00322FF0 /* Main.storyboard in Resources */,
				8B959AE322D8B28900322FF0 /* mappings.csv in Resources */,
				8B959AE422D8B28900322FF0 /* pricat.csv in Resources */,
			);
			runOnlyForDeploymentPostprocessing = 0;
		};
		8B959AD022D8B23D00322FF0 /* Resources */ = {
			isa = PBXResourcesBuildPhase;
			buildActionMask = 2147483647;
			files = (
			);
			runOnlyForDeploymentPostprocessing = 0;
		};
/* End PBXResourcesBuildPhase section */

/* Begin PBXSourcesBuildPhase section */
		8B959ABC22D8B23B00322FF0 /* Sources */ = {
			isa = PBXSourcesBuildPhase;
			buildActionMask = 2147483647;
			files = (
				8B959AE822D8C3EC00322FF0 /* Mapper.swift in Sources */,
				8B959AE622D8C31A00322FF0 /* MappingRule.swift in Sources */,
				8B959AF822DCECF400322FF0 /* Article.swift in Sources */,
				8B959AEA22DC614100322FF0 /* CSV.swift in Sources */,
				8B959AC622D8B23B00322FF0 /* ViewController.swift in Sources */,
				8B959AFB22DCED1400322FF0 /* Catalog.swift in Sources */,
				8B959AEF22DC92FF00322FF0 /* Item.swift in Sources */,
				8B959AC422D8B23B00322FF0 /* AppDelegate.swift in Sources */,
				8B959AF222DC9A2500322FF0 /* Parser.swift in Sources */,
				8B959AF522DCECDE00322FF0 /* Variation.swift in Sources */,
			);
			runOnlyForDeploymentPostprocessing = 0;
		};
		8B959ACE22D8B23D00322FF0 /* Sources */ = {
			isa = PBXSourcesBuildPhase;
			buildActionMask = 2147483647;
			files = (
				8B959AFC22DCED1400322FF0 /* Catalog.swift in Sources */,
				8B959AF022DC92FF00322FF0 /* Item.swift in Sources */,
				8B959AED22DC614900322FF0 /* MappingRule.swift in Sources */,
				8B959AF322DC9A2500322FF0 /* Parser.swift in Sources */,
				8B959AEB22DC614100322FF0 /* CSV.swift in Sources */,
				8B959AF922DCECF400322FF0 /* Article.swift in Sources */,
				8B959AEC22DC614700322FF0 /* Mapper.swift in Sources */,
				8B959AD722D8B23D00322FF0 /* FashionCloudTests.swift in Sources */,
				8B959AF622DCECDE00322FF0 /* Variation.swift in Sources */,
			);
			runOnlyForDeploymentPostprocessing = 0;
		};
/* End PBXSourcesBuildPhase section */

/* Begin PBXTargetDependency section */
		8B959AD422D8B23D00322FF0 /* PBXTargetDependency */ = {
			isa = PBXTargetDependency;
			target = 8B959ABF22D8B23B00322FF0 /* FashionCloud */;
			targetProxy = 8B959AD322D8B23D00322FF0 /* PBXContainerItemProxy */;
		};
/* End PBXTargetDependency section */

/* Begin PBXVariantGroup section */
		8B959AC922D8B23D00322FF0 /* Main.storyboard */ = {
			isa = PBXVariantGroup;
			children = (
				8B959ACA22D8B23D00322FF0 /* Base */,
			);
			name = Main.storyboard;
			sourceTree = "<group>";
		};
/* End PBXVariantGroup section */

/* Begin XCBuildConfiguration section */
		8B959AD922D8B23D00322FF0 /* Debug */ = {
			isa = XCBuildConfiguration;
			buildSettings = {
				ALWAYS_SEARCH_USER_PATHS = NO;
				CLANG_ANALYZER_NONNULL = YES;
				CLANG_ANALYZER_NUMBER_OBJECT_CONVERSION = YES_AGGRESSIVE;
				CLANG_CXX_LANGUAGE_STANDARD = "gnu++14";
				CLANG_CXX_LIBRARY = "libc++";
				CLANG_ENABLE_MODULES = YES;
				CLANG_ENABLE_OBJC_ARC = YES;
				CLANG_ENABLE_OBJC_WEAK = YES;
				CLANG_WARN_BLOCK_CAPTURE_AUTORELEASING = YES;
				CLANG_WARN_BOOL_CONVERSION = YES;
				CLANG_WARN_COMMA = YES;
				CLANG_WARN_CONSTANT_CONVERSION = YES;
				CLANG_WARN_DEPRECATED_OBJC_IMPLEMENTATIONS = YES;
				CLANG_WARN_DIRECT_OBJC_ISA_USAGE = YES_ERROR;
				CLANG_WARN_DOCUMENTATION_COMMENTS = YES;
				CLANG_WARN_EMPTY_BODY = YES;
				CLANG_WARN_ENUM_CONVERSION = YES;
				CLANG_WARN_INFINITE_RECURSION = YES;
				CLANG_WARN_INT_CONVERSION = YES;
				CLANG_WARN_NON_LITERAL_NULL_CONVERSION = YES;
				CLANG_WARN_OBJC_IMPLICIT_RETAIN_SELF = YES;
				CLANG_WARN_OBJC_LITERAL_CONVERSION = YES;
				CLANG_WARN_OBJC_ROOT_CLASS = YES_ERROR;
				CLANG_WARN_RANGE_LOOP_ANALYSIS = YES;
				CLANG_WARN_STRICT_PROTOTYPES = YES;
				CLANG_WARN_SUSPICIOUS_MOVE = YES;
				CLANG_WARN_UNGUARDED_AVAILABILITY = YES_AGGRESSIVE;
				CLANG_WARN_UNREACHABLE_CODE = YES;
				CLANG_WARN__DUPLICATE_METHOD_MATCH = YES;
				CODE_SIGN_IDENTITY = "-";
				COPY_PHASE_STRIP = NO;
				DEBUG_INFORMATION_FORMAT = dwarf;
				ENABLE_STRICT_OBJC_MSGSEND = YES;
				ENABLE_TESTABILITY = YES;
				GCC_C_LANGUAGE_STANDARD = gnu11;
				GCC_DYNAMIC_NO_PIC = NO;
				GCC_NO_COMMON_BLOCKS = YES;
				GCC_OPTIMIZATION_LEVEL = 0;
				GCC_PREPROCESSOR_DEFINITIONS = (
					"DEBUG=1",
					"$(inherited)",
				);
				GCC_WARN_64_TO_32_BIT_CONVERSION = YES;
				GCC_WARN_ABOUT_RETURN_TYPE = YES_ERROR;
				GCC_WARN_UNDECLARED_SELECTOR = YES;
				GCC_WARN_UNINITIALIZED_AUTOS = YES_AGGRESSIVE;
				GCC_WARN_UNUSED_FUNCTION = YES;
				GCC_WARN_UNUSED_VARIABLE = YES;
				MACOSX_DEPLOYMENT_TARGET = 10.14;
				MTL_ENABLE_DEBUG_INFO = INCLUDE_SOURCE;
				MTL_FAST_MATH = YES;
				ONLY_ACTIVE_ARCH = YES;
				SDKROOT = macosx;
				SWIFT_ACTIVE_COMPILATION_CONDITIONS = DEBUG;
				SWIFT_OPTIMIZATION_LEVEL = "-Onone";
			};
			name = Debug;
		};
		8B959ADA22D8B23D00322FF0 /* Release */ = {
			isa = XCBuildConfiguration;
			buildSettings = {
				ALWAYS_SEARCH_USER_PATHS = NO;
				CLANG_ANALYZER_NONNULL = YES;
				CLANG_ANALYZER_NUMBER_OBJECT_CONVERSION = YES_AGGRESSIVE;
				CLANG_CXX_LANGUAGE_STANDARD = "gnu++14";
				CLANG_CXX_LIBRARY = "libc++";
				CLANG_ENABLE_MODULES = YES;
				CLANG_ENABLE_OBJC_ARC = YES;
				CLANG_ENABLE_OBJC_WEAK = YES;
				CLANG_WARN_BLOCK_CAPTURE_AUTORELEASING = YES;
				CLANG_WARN_BOOL_CONVERSION = YES;
				CLANG_WARN_COMMA = YES;
				CLANG_WARN_CONSTANT_CONVERSION = YES;
				CLANG_WARN_DEPRECATED_OBJC_IMPLEMENTATIONS = YES;
				CLANG_WARN_DIRECT_OBJC_ISA_USAGE = YES_ERROR;
				CLANG_WARN_DOCUMENTATION_COMMENTS = YES;
				CLANG_WARN_EMPTY_BODY = YES;
				CLANG_WARN_ENUM_CONVERSION = YES;
				CLANG_WARN_INFINITE_RECURSION = YES;
				CLANG_WARN_INT_CONVERSION = YES;
				CLANG_WARN_NON_LITERAL_NULL_CONVERSION = YES;
				CLANG_WARN_OBJC_IMPLICIT_RETAIN_SELF = YES;
				CLANG_WARN_OBJC_LITERAL_CONVERSION = YES;
				CLANG_WARN_OBJC_ROOT_CLASS = YES_ERROR;
				CLANG_WARN_RANGE_LOOP_ANALYSIS = YES;
				CLANG_WARN_STRICT_PROTOTYPES = YES;
				CLANG_WARN_SUSPICIOUS_MOVE = YES;
				CLANG_WARN_UNGUARDED_AVAILABILITY = YES_AGGRESSIVE;
				CLANG_WARN_UNREACHABLE_CODE = YES;
				CLANG_WARN__DUPLICATE_METHOD_MATCH = YES;
				CODE_SIGN_IDENTITY = "-";
				COPY_PHASE_STRIP = NO;
				DEBUG_INFORMATION_FORMAT = "dwarf-with-dsym";
				ENABLE_NS_ASSERTIONS = NO;
				ENABLE_STRICT_OBJC_MSGSEND = YES;
				GCC_C_LANGUAGE_STANDARD = gnu11;
				GCC_NO_COMMON_BLOCKS = YES;
				GCC_WARN_64_TO_32_BIT_CONVERSION = YES;
				GCC_WARN_ABOUT_RETURN_TYPE = YES_ERROR;
				GCC_WARN_UNDECLARED_SELECTOR = YES;
				GCC_WARN_UNINITIALIZED_AUTOS = YES_AGGRESSIVE;
				GCC_WARN_UNUSED_FUNCTION = YES;
				GCC_WARN_UNUSED_VARIABLE = YES;
				MACOSX_DEPLOYMENT_TARGET = 10.14;
				MTL_ENABLE_DEBUG_INFO = NO;
				MTL_FAST_MATH = YES;
				SDKROOT = macosx;
				SWIFT_COMPILATION_MODE = wholemodule;
				SWIFT_OPTIMIZATION_LEVEL = "-O";
			};
			name = Release;
		};
		8B959ADC22D8B23D00322FF0 /* Debug */ = {
			isa = XCBuildConfiguration;
			buildSettings = {
				ASSETCATALOG_COMPILER_APPICON_NAME = AppIcon;
				CODE_SIGN_ENTITLEMENTS = FashionCloud/FashionCloud.entitlements;
				CODE_SIGN_STYLE = Automatic;
				COMBINE_HIDPI_IMAGES = YES;
				INFOPLIST_FILE = FashionCloud/Info.plist;
				LD_RUNPATH_SEARCH_PATHS = (
					"$(inherited)",
					"@executable_path/../Frameworks",
				);
				PRODUCT_BUNDLE_IDENTIFIER = info.contrall.gk.FashionCloud;
				PRODUCT_NAME = "$(TARGET_NAME)";
				SWIFT_VERSION = 5.0;
			};
			name = Debug;
		};
		8B959ADD22D8B23D00322FF0 /* Release */ = {
			isa = XCBuildConfiguration;
			buildSettings = {
				ASSETCATALOG_COMPILER_APPICON_NAME = AppIcon;
				CODE_SIGN_ENTITLEMENTS = FashionCloud/FashionCloud.entitlements;
				CODE_SIGN_STYLE = Automatic;
				COMBINE_HIDPI_IMAGES = YES;
				INFOPLIST_FILE = FashionCloud/Info.plist;
				LD_RUNPATH_SEARCH_PATHS = (
					"$(inherited)",
					"@executable_path/../Frameworks",
				);
				PRODUCT_BUNDLE_IDENTIFIER = info.contrall.gk.FashionCloud;
				PRODUCT_NAME = "$(TARGET_NAME)";
				SWIFT_VERSION = 5.0;
			};
			name = Release;
		};
		8B959ADF22D8B23D00322FF0 /* Debug */ = {
			isa = XCBuildConfiguration;
			buildSettings = {
				ALWAYS_EMBED_SWIFT_STANDARD_LIBRARIES = YES;
				BUNDLE_LOADER = "$(TEST_HOST)";
				CODE_SIGN_STYLE = Automatic;
				COMBINE_HIDPI_IMAGES = YES;
				INFOPLIST_FILE = FashionCloudTests/Info.plist;
				LD_RUNPATH_SEARCH_PATHS = (
					"$(inherited)",
					"@executable_path/../Frameworks",
					"@loader_path/../Frameworks",
				);
				PRODUCT_BUNDLE_IDENTIFIER = info.contrall.gk.FashionCloudTests;
				PRODUCT_NAME = "$(TARGET_NAME)";
				SWIFT_VERSION = 5.0;
				TEST_HOST = "$(BUILT_PRODUCTS_DIR)/FashionCloud.app/Contents/MacOS/FashionCloud";
			};
			name = Debug;
		};
		8B959AE022D8B23D00322FF0 /* Release */ = {
			isa = XCBuildConfiguration;
			buildSettings = {
				ALWAYS_EMBED_SWIFT_STANDARD_LIBRARIES = YES;
				BUNDLE_LOADER = "$(TEST_HOST)";
				CODE_SIGN_STYLE = Automatic;
				COMBINE_HIDPI_IMAGES = YES;
				INFOPLIST_FILE = FashionCloudTests/Info.plist;
				LD_RUNPATH_SEARCH_PATHS = (
					"$(inherited)",
					"@executable_path/../Frameworks",
					"@loader_path/../Frameworks",
				);
				PRODUCT_BUNDLE_IDENTIFIER = info.contrall.gk.FashionCloudTests;
				PRODUCT_NAME = "$(TARGET_NAME)";
				SWIFT_VERSION = 5.0;
				TEST_HOST = "$(BUILT_PRODUCTS_DIR)/FashionCloud.app/Contents/MacOS/FashionCloud";
			};
			name = Release;
		};
/* End XCBuildConfiguration section */

/* Begin XCConfigurationList section */
		8B959ABB22D8B23B00322FF0 /* Build configuration list for PBXProject "FashionCloud" */ = {
			isa = XCConfigurationList;
			buildConfigurations = (
				8B959AD922D8B23D00322FF0 /* Debug */,
				8B959ADA22D8B23D00322FF0 /* Release */,
			);
			defaultConfigurationIsVisible = 0;
			defaultConfigurationName = Release;
		};
		8B959ADB22D8B23D00322FF0 /* Build configuration list for PBXNativeTarget "FashionCloud" */ = {
			isa = XCConfigurationList;
			buildConfigurations = (
				8B959ADC22D8B23D00322FF0 /* Debug */,
				8B959ADD22D8B23D00322FF0 /* Release */,
			);
			defaultConfigurationIsVisible = 0;
			defaultConfigurationName = Release;
		};
		8B959ADE22D8B23D00322FF0 /* Build configuration list for PBXNativeTarget "FashionCloudTests" */ = {
			isa = XCConfigurationList;
			buildConfigurations = (
				8B959ADF22D8B23D00322FF0 /* Debug */,
				8B959AE022D8B23D00322FF0 /* Release */,
			);
			defaultConfigurationIsVisible = 0;
			defaultConfigurationName = Release;
		};
/* End XCConfigurationList section */
	};
	rootObject = 8B959AB822D8B23B00322FF0 /* Project object */;
}
